
Microsoft Visual Studio Solution File, Format Version 12.00
# Visual Studio 15
Project("{FAE04EC0-301F-11D3-BF4B-00C04F79EFBC}") = "Assembly-CSharp", "Assembly-CSharp.csproj", "{57B69DB4-8CCC-6410-8A73-F346F2F15F74}"
EndProject
Project("{FAE04EC0-301F-11D3-BF4B-00C04F79EFBC}") = "Assembly-CSharp-Editor", "Assembly-CSharp-Editor.csproj", "{801B7175-EBE6-7A1F-7023-91C0695DBEEA}"
EndProject
Global
	GlobalSection(SolutionConfigurationPlatforms) = preSolution
		Debug|Any CPU = Debug|Any CPU
		Release|Any CPU = Release|Any CPU
	EndGlobalSection
	GlobalSection(ProjectConfigurationPlatforms) = postSolution
		{57B69DB4-8CCC-6410-8A73-F346F2F15F74}.Debug|Any CPU.ActiveCfg = Debug|Any CPU
		{57B69DB4-8CCC-6410-8A73-F346F2F15F74}.Debug|Any CPU.Build.0 = Debug|Any CPU
		{57B69DB4-8CCC-6410-8A73-F346F2F15F74}.Release|Any CPU.ActiveCfg = Release|Any CPU
		{57B69DB4-8CCC-6410-8A73-F346F2F15F74}.Release|Any CPU.Build.0 = Release|Any CPU
		{801B7175-EBE6-7A1F-7023-91C0695DBEEA}.Debug|Any CPU.ActiveCfg = Debug|Any CPU
		{801B7175-EBE6-7A1F-7023-91C0695DBEEA}.Debug|Any CPU.Build.0 = Debug|Any CPU
		{801B7175-EBE6-7A1F-7023-91C0695DBEEA}.Release|Any CPU.ActiveCfg = Release|Any CPU
		{801B7175-EBE6-7A1F-7023-91C0695DBEEA}.Release|Any CPU.Build.0 = Release|Any CPU
	EndGlobalSection
	GlobalSection(SolutionProperties) = preSolution
		HideSolutionNode = FALSE
	EndGlobalSection
EndGlobal
